lockfileVersion: '6.0'

settings:
  autoInstallPeers: true
  excludeLinksFromLockfile: false

dependencies:
  '@sapphire/decorators':
    specifier: ^6.0.2
    version: 6.0.2
  '@sapphire/discord.js-utilities':
    specifier: 7.0.2
    version: 7.0.2
  '@sapphire/framework':
    specifier: ^4.7.1
    version: 4.7.1
  '@sapphire/plugin-logger':
    specifier: ^3.0.6
    version: 3.0.6
  '@sapphire/utilities':
    specifier: ^3.13.0
    version: 3.13.0
  '@skyra/env-utilities':
    specifier: ^1.2.1
    version: 1.2.1
  colorette:
    specifier: ^2.0.20
    version: 2.0.20
  discord.js:
    specifier: ^14.13.0
    version: 14.13.0
  openai:
    specifier: ^4.12.4
    version: 4.12.4

devDependencies:
  '@flydotio/dockerfile':
    specifier: ^0.4.10
    version: 0.4.10
  '@sapphire/cli':
    specifier: ^1.6.1
    version: 1.6.1
  '@sapphire/prettier-config':
    specifier: ^2.0.0
    version: 2.0.0
  '@sapphire/ts-config':
    specifier: ^5.0.0
    version: 5.0.0
  '@types/node':
    specifier: ^20.8.7
    version: 20.8.7
  '@types/ws':
    specifier: ^8.5.8
    version: 8.5.8
  prettier:
    specifier: ^3.0.3
    version: 3.0.3
  tsc-watch:
    specifier: ^6.0.4
    version: 6.0.4(typescript@5.2.2)
  typescript:
    specifier: ^5.2.2
    version: 5.2.2

packages:

  /@discordjs/builders@1.6.5:
    resolution: {integrity: sha512-SdweyCs/+mHj+PNhGLLle7RrRFX9ZAhzynHahMCLqp5Zeq7np7XC6/mgzHc79QoVlQ1zZtOkTTiJpOZu5V8Ufg==}
    engines: {node: '>=16.11.0'}
    dependencies:
      '@discordjs/formatters': 0.3.2
      '@discordjs/util': 1.0.1
      '@sapphire/shapeshift': 3.9.3
      discord-api-types: 0.37.50
      fast-deep-equal: 3.1.3
      ts-mixer: 6.0.3
      tslib: 2.6.2
    dev: false

  /@discordjs/collection@1.5.3:
    resolution: {integrity: sha512-SVb428OMd3WO1paV3rm6tSjM4wC+Kecaa1EUGX7vc6/fddvw/6lg90z4QtCqm21zvVe92vMMDt9+DkIvjXImQQ==}
    engines: {node: '>=16.11.0'}
    dev: false

  /@discordjs/formatters@0.3.2:
    resolution: {integrity: sha512-lE++JZK8LSSDRM5nLjhuvWhGuKiXqu+JZ/DsOR89DVVia3z9fdCJVcHF2W/1Zxgq0re7kCzmAJlCMMX3tetKpA==}
    engines: {node: '>=16.11.0'}
    dependencies:
      discord-api-types: 0.37.50
    dev: false

  /@discordjs/rest@2.0.1:
    resolution: {integrity: sha512-/eWAdDRvwX/rIE2tuQUmKaxmWeHmGealttIzGzlYfI4+a7y9b6ZoMp8BG/jaohs8D8iEnCNYaZiOFLVFLQb8Zg==}
    engines: {node: '>=16.11.0'}
    dependencies:
      '@discordjs/collection': 1.5.3
      '@discordjs/util': 1.0.1
      '@sapphire/async-queue': 1.5.0
      '@sapphire/snowflake': 3.5.1
      '@vladfrangu/async_event_emitter': 2.2.2
      discord-api-types: 0.37.50
      magic-bytes.js: 1.5.0
      tslib: 2.6.2
      undici: 5.22.1
    dev: false

  /@discordjs/util@1.0.1:
    resolution: {integrity: sha512-d0N2yCxB8r4bn00/hvFZwM7goDcUhtViC5un4hPj73Ba4yrChLSJD8fy7Ps5jpTLg1fE9n4K0xBLc1y9WGwSsA==}
    engines: {node: '>=16.11.0'}
    dev: false

  /@discordjs/ws@1.0.1:
    resolution: {integrity: sha512-avvAolBqN3yrSvdBPcJ/0j2g42ABzrv3PEL76e3YTp2WYMGH7cuspkjfSyNWaqYl1J+669dlLp+YFMxSVQyS5g==}
    engines: {node: '>=16.11.0'}
    dependencies:
      '@discordjs/collection': 1.5.3
      '@discordjs/rest': 2.0.1
      '@discordjs/util': 1.0.1
      '@sapphire/async-queue': 1.5.0
      '@types/ws': 8.5.8
      '@vladfrangu/async_event_emitter': 2.2.2
      discord-api-types: 0.37.50
      tslib: 2.6.2
      ws: 8.14.2
    transitivePeerDependencies:
      - bufferutil
      - utf-8-validate
    dev: false

  /@favware/colorette-spinner@1.0.1:
    resolution: {integrity: sha512-PPYtcLzhSafdylp8NBOxMCYIcLqTUMNiQc7ciBoAIvxNG2egM+P7e2nNPui5+Svyk89Q+Tnbrp139ZRIIBw3IA==}
    engines: {node: '>=v16'}
    dependencies:
      colorette: 2.0.20
    dev: true

  /@flydotio/dockerfile@0.4.10:
    resolution: {integrity: sha512-cyxxVTzPX7qRD3/yq24eiIsSKlUFPcBjbIQmWeuXn3qS2rSdYMioUmDISchfGE7S75cEdL/baK0AJP2q7+aw6w==}
    engines: {node: '>=16.0.0'}
    hasBin: true
    dependencies:
      chalk: 5.3.0
      diff: 5.1.0
      ejs: 3.1.9
      shell-quote: 1.8.1
      yargs: 17.7.2
    dev: true

  /@sapphire/async-queue@1.5.0:
    resolution: {integrity: sha512-JkLdIsP8fPAdh9ZZjrbHWR/+mZj0wvKS5ICibcLrRI1j84UmLMshx5n9QmL8b95d4onJ2xxiyugTgSAX7AalmA==}
    engines: {node: '>=v14.0.0', npm: '>=7.0.0'}
    dev: false

  /@sapphire/cli@1.6.1:
    resolution: {integrity: sha512-gXA1pPrcR9nd1ipXMVRVjEm029wwoPj5Qzm7G68i3V8QfTl2dAMokZNKHD4nZZanUsBbc+KKWwsCScamDp0RzA==}
    engines: {node: '>=v16.6.0', npm: '>=7'}
    hasBin: true
    dependencies:
      '@favware/colorette-spinner': 1.0.1
      '@sapphire/result': 2.6.4
      colorette: 2.0.20
      commander: 10.0.1
      execa: 7.2.0
      find-up: 5.0.0
      js-yaml: 4.1.0
      prompts: 2.4.2
      tslib: 2.6.2
    dev: true

  /@sapphire/decorators@6.0.2:
    resolution: {integrity: sha512-R0bsVvvT/iclElvdglpneIB6UGhzqT3DbMy8b0VHcjSSWArAfxFXiv7mVO/5VeiQduZFhWPgqtTWayKdRYY1NA==}
    engines: {node: '>=v14.0.0', npm: '>=7.0.0'}
    dependencies:
      tslib: 2.6.2
    dev: false

  /@sapphire/discord-utilities@3.1.1:
    resolution: {integrity: sha512-kIKS7J7g06s5PBiuruQY+6T7mCC84myMq8QaHLJgyuj1NeFfqr7+txJ5weSXBODPIsY3iX2WUS4kmLJgKmnOtA==}
    engines: {node: '>=v14.0.0', npm: '>=7.0.0'}
    dependencies:
      discord-api-types: 0.37.60
    dev: false

  /@sapphire/discord.js-utilities@7.0.2:
    resolution: {integrity: sha512-GnGy6i65lBXTDu5LUu3YX/7Z5ODZIjP4rx+jPopELoVeqdUS1rMc/hcK+tplgwNaXMiftRVGY6rrdVdijCQKHA==}
    engines: {node: '>=16.6.0', npm: '>=7.0.0'}
    dependencies:
      '@sapphire/discord-utilities': 3.1.1
      '@sapphire/duration': 1.1.0
      '@sapphire/utilities': 3.13.0
      tslib: 2.6.2
    dev: false

  /@sapphire/duration@1.1.0:
    resolution: {integrity: sha512-ATb2pWPLcSgG7bzvT6MglUcDexFSufr2FLXUmhipWGFtZbvDhkopGBIuHyzoGy7LZvL8UY5T6pRLNdFv5pl/Lg==}
    engines: {node: '>=v14.0.0', npm: '>=7.0.0'}
    dev: false

  /@sapphire/framework@4.7.1:
    resolution: {integrity: sha512-UKn2kNVsQXjh70BLytSdDs+QckXjZRFALQiELt6BElmyo1m4ltHbVJAfjLNhVTfUZE9id634s0hqWh3rX+vKsw==}
    engines: {node: '>=16.6.0', npm: '>=7.0.0'}
    dependencies:
      '@discordjs/builders': 1.6.5
      '@sapphire/discord-utilities': 3.1.1
      '@sapphire/discord.js-utilities': 7.0.2
      '@sapphire/lexure': 1.1.5
      '@sapphire/pieces': 3.7.0
      '@sapphire/ratelimits': 2.4.7
      '@sapphire/result': 2.6.4
      '@sapphire/stopwatch': 1.5.0
      '@sapphire/utilities': 3.13.0
    dev: false

  /@sapphire/lexure@1.1.5:
    resolution: {integrity: sha512-afVTCLHezlyvdvvOcEeCzMA05l1yje9axtY7gWQpDcppOazskYPgGMVCdAbfHz5BsyABMZYT2MznY+phEgFc8Q==}
    engines: {node: '>=v14.0.0', npm: '>=7.0.0'}
    dependencies:
      '@sapphire/result': 2.6.4
    dev: false

  /@sapphire/pieces@3.7.0:
    resolution: {integrity: sha512-DgkcvTja63rDPP4uByH2Ky3eNaYp+Yc1WoFaOsme5w5Nptruwj49sktY6KEbdBrxz23l3ofcxaqnfT/8RROJug==}
    engines: {node: '>=v14.0.0', npm: '>=7.0.0'}
    dependencies:
      '@discordjs/collection': 1.5.3
      '@sapphire/utilities': 3.13.0
      tslib: 2.6.2
    dev: false

  /@sapphire/plugin-logger@3.0.6:
    resolution: {integrity: sha512-BMluxIdVODObdbCy4TRkCmSAB/T/XQlYxaD25HD+1Z4feUVrBGWFmmWQo/2X4aLMD3VZi5RQ5oY6kZgtHn+ufA==}
    engines: {node: '>=v14.0.0', npm: '>=7.0.0'}
    dependencies:
      '@sapphire/timestamp': 1.0.1
      colorette: 2.0.20
    dev: false

  /@sapphire/prettier-config@2.0.0:
    resolution: {integrity: sha512-Vie8KR5zQ6sbEP4+biW/IR7k55saGfZkTSuRlgvxCBKb4SBJdRWcOBI80i+JxMVIDDZKgXlgYnXEST+FgZiWXA==}
    engines: {node: '>=v14.0.0', npm: '>=7.0.0'}
    dependencies:
      prettier: 3.0.3
    dev: true

  /@sapphire/ratelimits@2.4.7:
    resolution: {integrity: sha512-IJQySiK+A8P4E+0oW2TGDy4RBjMsw3hccFL0y4kjQ2VZNzPDHJSYR4Pb1TzlG6V9YTVdCNWJODFXXyVn3tEQ/A==}
    engines: {node: '>=v14.0.0', npm: '>=7.0.0'}
    dev: false

  /@sapphire/result@2.6.4:
    resolution: {integrity: sha512-o6rAnNbtumhR4Iy9t1p3xtOG9WtfO2OyyyaBrGUNThmhqf1cwvl5CO3/E0Hd66qdkuSqpJqC9TnnGzTmSoDd6A==}
    engines: {node: '>=v14.0.0', npm: '>=7.0.0'}

  /@sapphire/shapeshift@3.9.3:
    resolution: {integrity: sha512-WzKJSwDYloSkHoBbE8rkRW8UNKJiSRJ/P8NqJ5iVq7U2Yr/kriIBx2hW+wj2Z5e5EnXL1hgYomgaFsdK6b+zqQ==}
    engines: {node: '>=v14.0.0', npm: '>=7.0.0'}
    dependencies:
      fast-deep-equal: 3.1.3
      lodash: 4.17.21
    dev: false

  /@sapphire/snowflake@3.5.1:
    resolution: {integrity: sha512-BxcYGzgEsdlG0dKAyOm0ehLGm2CafIrfQTZGWgkfKYbj+pNNsorZ7EotuZukc2MT70E0UbppVbtpBrqpzVzjNA==}
    engines: {node: '>=v14.0.0', npm: '>=7.0.0'}
    dev: false

  /@sapphire/stopwatch@1.5.0:
    resolution: {integrity: sha512-DtyKugdy3JTqm6JnEepTY64fGJAqlusDVrlrzifEgSCfGYCqpvB+SBldkWtDH+z+zLcp+PyaFLq7xpVfkhmvGg==}
    engines: {node: '>=v14.0.0', npm: '>=7.0.0'}
    dependencies:
      tslib: 2.6.2
    dev: false

  /@sapphire/timestamp@1.0.1:
    resolution: {integrity: sha512-uLg+rBFuBiaQY/pFGDDzZSOH2cfv4ONIB7zQGNuRCTpYKBW/iIhRBIZjJZyn8NVkXQhVi+Q94DI4i6gDhYVs7w==}
    engines: {node: '>=v14.0.0', npm: '>=7.0.0'}
    dev: false

  /@sapphire/ts-config@5.0.0:
    resolution: {integrity: sha512-E4JfpCK/OxaH8lYEP0+xbRUeIBanEOkA5IUtvj+Uib2TG2p7H0Sb1mF1fpmf0ICyDaOu9/201Il/ymV3cr/isw==}
    engines: {node: '>=v16.0.0', npm: '>=8.0.0'}
    dependencies:
      tslib: 2.6.2
      typescript: 5.2.2
    dev: true

  /@sapphire/utilities@3.13.0:
    resolution: {integrity: sha512-BD5ycPjZX5dXxrAb90dJTY8ukpPVBXgU17gA5ghK2memS4hwAzFYpvK+R+6zh4d6HYIKVuqrVhGXjvZenAa/Aw==}
    engines: {node: '>=v14.0.0', npm: '>=7.0.0'}
    dev: false

  /@skyra/env-utilities@1.2.1:
    resolution: {integrity: sha512-blyw0zCtrdP5SEiPAw62UuCd69bXdIBTtyzCXamVOcN2wqXt8HWkYrz8IdmZ2cvgnYIXpz7hzAmrIi3fGG7zzQ==}
    engines: {node: '>=16.9.0', npm: '>=8.0.0'}
    dependencies:
      dotenv: 16.3.1
      dotenv-expand: 10.0.0
    dev: false

  /@types/node-fetch@2.6.7:
    resolution: {integrity: sha512-lX17GZVpJ/fuCjguZ5b3TjEbSENxmEk1B2z02yoXSK9WMEWRivhdSY73wWMn6bpcCDAOh6qAdktpKHIlkDk2lg==}
    dependencies:
      '@types/node': 20.8.7
      form-data: 4.0.0
    dev: false

  /@types/node@18.18.6:
    resolution: {integrity: sha512-wf3Vz+jCmOQ2HV1YUJuCWdL64adYxumkrxtc+H1VUQlnQI04+5HtH+qZCOE21lBE7gIrt+CwX2Wv8Acrw5Ak6w==}
    dev: false

  /@types/node@20.8.7:
    resolution: {integrity: sha512-21TKHHh3eUHIi2MloeptJWALuCu5H7HQTdTrWIFReA8ad+aggoX+lRes3ex7/FtpC+sVUpFMQ+QTfYr74mruiQ==}
    dependencies:
      undici-types: 5.25.3

  /@types/ws@8.5.8:
    resolution: {integrity: sha512-flUksGIQCnJd6sZ1l5dqCEG/ksaoAg/eUwiLAGTJQcfgvZJKF++Ta4bJA6A5aPSJmsr+xlseHn4KLgVlNnvPTg==}
    dependencies:
      '@types/node': 20.8.7

  /@vladfrangu/async_event_emitter@2.2.2:
    resolution: {integrity: sha512-HIzRG7sy88UZjBJamssEczH5q7t5+axva19UbZLO6u0ySbYPrwzWiXBcC0WuHyhKKoeCyneH+FvYzKQq/zTtkQ==}
    engines: {node: '>=v14.0.0', npm: '>=7.0.0'}
    dev: false

  /abort-controller@3.0.0:
    resolution: {integrity: sha512-h8lQ8tacZYnR3vNQTgibj+tODHI5/+l06Au2Pcriv/Gmet0eaj4TwWH41sO9wnHDiQsEj19q0drzdWdeAHtweg==}
    engines: {node: '>=6.5'}
    dependencies:
      event-target-shim: 5.0.1
    dev: false

  /agentkeepalive@4.5.0:
    resolution: {integrity: sha512-5GG/5IbQQpC9FpkRGsSvZI5QYeSCzlJHdpBQntCsuTOxhKD8lqKhrleg2Yi7yvMIf82Ycmmqln9U8V9qwEiJew==}
    engines: {node: '>= 8.0.0'}
    dependencies:
      humanize-ms: 1.2.1
    dev: false

  /ansi-regex@5.0.1:
    resolution: {integrity: sha512-quJQXlTSUGL2LH9SUXo8VwsY4soanhgo6LNSm84E1LBcE8s3O0wpdiRzyR9z/ZZJMlMWv37qOOb9pdJlMUEKFQ==}
    engines: {node: '>=8'}
    dev: true

  /ansi-styles@4.3.0:
    resolution: {integrity: sha512-zbB9rCJAT1rbjiVDb2hqKFHNYLxgtk8NURxZ3IZwD3F6NtxbXZQCnnSi1Lkx+IDohdPlFp222wVALIheZJQSEg==}
    engines: {node: '>=8'}
    dependencies:
      color-convert: 2.0.1
    dev: true

  /argparse@2.0.1:
    resolution: {integrity: sha512-8+9WqebbFzpX9OR+Wa6O29asIogeRMzcGtAINdpMHHyAg10f05aSFVBbcEqGf/PXw1EjAZ+q2/bEBg3DvurK3Q==}
    dev: true

  /async@3.2.4:
    resolution: {integrity: sha512-iAB+JbDEGXhyIUavoDl9WP/Jj106Kz9DEn1DPgYw5ruDn0e3Wgi3sKFm55sASdGBNOQB8F59d9qQ7deqrHA8wQ==}
    dev: true

  /asynckit@0.4.0:
    resolution: {integrity: sha512-Oei9OH4tRh0YqU3GxhX79dM/mwVgvbZJaSNaRk+bshkj0S5cfHcgYakreBjrHwatXKbz+IoIdYLxrKim2MjW0Q==}
    dev: false

  /balanced-match@1.0.2:
    resolution: {integrity: sha512-3oSeUO0TMV67hN1AmbXsK4yaqU7tjiHlbxRDZOpH0KW9+CeX4bRAaX0Anxt0tx2MrpRpWwQaPwIlISEJhYU5Pw==}
    dev: true

  /base-64@0.1.0:
    resolution: {integrity: sha512-Y5gU45svrR5tI2Vt/X9GPd3L0HNIKzGu202EjxrXMpuc2V2CiKgemAbUUsqYmZJvPtCXoUKjNZwBJzsNScUbXA==}
    dev: false

  /brace-expansion@1.1.11:
    resolution: {integrity: sha512-iCuPHDFgrHX7H2vEI/5xpz07zSHB00TpugqhmYtVmMO6518mCuRMoOYFldEBl0g187ufozdaHgWKcYFb61qGiA==}
    dependencies:
      balanced-match: 1.0.2
      concat-map: 0.0.1
    dev: true

  /brace-expansion@2.0.1:
    resolution: {integrity: sha512-XnAIvQ8eM+kC6aULx6wuQiwVsnzsi9d3WxzV3FpWTGA19F621kwdbsAcFKXgKUHZWsy+mY6iL1sHTxWEFCytDA==}
    dependencies:
      balanced-match: 1.0.2
    dev: true

  /busboy@1.6.0:
    resolution: {integrity: sha512-8SFQbg/0hQ9xy3UNTB0YEnsNBbWfhf7RtnzpL7TkBiTBRfrQ9Fxcnz7VJsleJpyp6rVLvXiuORqjlHi5q+PYuA==}
    engines: {node: '>=10.16.0'}
    dependencies:
      streamsearch: 1.1.0
    dev: false

  /chalk@4.1.2:
    resolution: {integrity: sha512-oKnbhFyRIXpUuez8iBMmyEa4nbj4IOQyuhc/wy9kY7/WVPcwIO9VA668Pu8RkO7+0G76SLROeyw9CpQ061i4mA==}
    engines: {node: '>=10'}
    dependencies:
      ansi-styles: 4.3.0
      supports-color: 7.2.0
    dev: true

  /chalk@5.3.0:
    resolution: {integrity: sha512-dLitG79d+GV1Nb/VYcCDFivJeK1hiukt9QjRNVOsUtTy1rR1YJsmpGGTZ3qJos+uw7WmWF4wUwBd9jxjocFC2w==}
    engines: {node: ^12.17.0 || ^14.13 || >=16.0.0}
    dev: true

  /charenc@0.0.2:
    resolution: {integrity: sha512-yrLQ/yVUFXkzg7EDQsPieE/53+0RlaWTs+wBrvW36cyilJ2SaDWfl4Yj7MtLTXleV9uEKefbAGUPv2/iWSooRA==}
    dev: false

  /cliui@8.0.1:
    resolution: {integrity: sha512-BSeNnyus75C4//NQ9gQt1/csTXyo/8Sb+afLAkzAptFuMsod9HFokGNudZpi/oQV73hnVK+sR+5PVRMd+Dr7YQ==}
    engines: {node: '>=12'}
    dependencies:
      string-width: 4.2.3
      strip-ansi: 6.0.1
      wrap-ansi: 7.0.0
    dev: true

  /color-convert@2.0.1:
    resolution: {integrity: sha512-RRECPsj7iu/xb5oKYcsFHSppFNnsj/52OVTRKb4zP5onXwVF3zVmmToNcOfGC+CRDpfK/U584fMg38ZHCaElKQ==}
    engines: {node: '>=7.0.0'}
    dependencies:
      color-name: 1.1.4
    dev: true

  /color-name@1.1.4:
    resolution: {integrity: sha512-dOy+3AuW3a2wNbZHIuMZpTcgjGuLU/uBL/ubcZF9OXbDo8ff4O8yVp5Bf0efS8uEoYo5q4Fx7dY9OgQGXgAsQA==}
    dev: true

  /colorette@2.0.20:
    resolution: {integrity: sha512-IfEDxwoWIjkeXL1eXcDiow4UbKjhLdq6/EuSVR9GMN7KVH3r9gQ83e73hsz1Nd1T3ijd5xv1wcWRYO+D6kCI2w==}

  /combined-stream@1.0.8:
    resolution: {integrity: sha512-FQN4MRfuJeHf7cBbBMJFXhKSDq+2kAArBlmRBvcvFE5BB1HZKXtSFASDhdlz9zOYwxh8lDdnvmMOe/+5cdoEdg==}
    engines: {node: '>= 0.8'}
    dependencies:
      delayed-stream: 1.0.0
    dev: false

  /commander@10.0.1:
    resolution: {integrity: sha512-y4Mg2tXshplEbSGzx7amzPwKKOCGuoSRP/CjEdwwk0FOGlUbq6lKuoyDZTNZkmxHdJtp54hdfY/JUrdL7Xfdug==}
    engines: {node: '>=14'}
    dev: true

  /concat-map@0.0.1:
    resolution: {integrity: sha512-/Srv4dswyQNBfohGpz9o6Yb3Gz3SrUDqBH5rTuhGR7ahtlbYKnVxw2bCFMRljaA7EXHaXZ8wsHdodFvbkhKmqg==}
    dev: true

  /cross-spawn@7.0.3:
    resolution: {integrity: sha512-iRDPJKUPVEND7dHPO8rkbOnPpyDygcDFtWjpeWNCgy8WP2rXcxXL8TskReQl6OrB2G7+UJrags1q15Fudc7G6w==}
    engines: {node: '>= 8'}
    dependencies:
      path-key: 3.1.1
      shebang-command: 2.0.0
      which: 2.0.2
    dev: true

  /crypt@0.0.2:
    resolution: {integrity: sha512-mCxBlsHFYh9C+HVpiEacem8FEBnMXgU9gy4zmNC+SXAZNB/1idgp/aulFJ4FgCi7GPEVbfyng092GqL2k2rmow==}
    dev: false

  /delayed-stream@1.0.0:
    resolution: {integrity: sha512-ZySD7Nf91aLB0RxL4KGrKHBXl7Eds1DAmEdcoVawXnLD7SDhpNgtuII2aAkg7a7QS41jxPSZ17p4VdGnMHk3MQ==}
    engines: {node: '>=0.4.0'}
    dev: false

  /diff@5.1.0:
    resolution: {integrity: sha512-D+mk+qE8VC/PAUrlAU34N+VfXev0ghe5ywmpqrawphmVZc1bEfn56uo9qpyGp1p4xpzOHkSW4ztBd6L7Xx4ACw==}
    engines: {node: '>=0.3.1'}
    dev: true

  /digest-fetch@1.3.0:
    resolution: {integrity: sha512-CGJuv6iKNM7QyZlM2T3sPAdZWd/p9zQiRNS9G+9COUCwzWFTs0Xp8NF5iePx7wtvhDykReiRRrSeNb4oMmB8lA==}
    dependencies:
      base-64: 0.1.0
      md5: 2.3.0
    dev: false

  /discord-api-types@0.37.50:
    resolution: {integrity: sha512-X4CDiMnDbA3s3RaUXWXmgAIbY1uxab3fqe3qwzg5XutR3wjqi7M3IkgQbsIBzpqBN2YWr/Qdv7JrFRqSgb4TFg==}
    dev: false

  /discord-api-types@0.37.60:
    resolution: {integrity: sha512-5BELXTsv7becqVHrD81nZrqT4oEyXXWBwbsO/kwDDu6X3u19VV1tYDB5I5vaVAK+c1chcDeheI9zACBLm41LiQ==}
    dev: false

  /discord.js@14.13.0:
    resolution: {integrity: sha512-Kufdvg7fpyTEwANGy9x7i4od4yu5c6gVddGi5CKm4Y5a6sF0VBODObI3o0Bh7TGCj0LfNT8Qp8z04wnLFzgnbA==}
    engines: {node: '>=16.11.0'}
    dependencies:
      '@discordjs/builders': 1.6.5
      '@discordjs/collection': 1.5.3
      '@discordjs/formatters': 0.3.2
      '@discordjs/rest': 2.0.1
      '@discordjs/util': 1.0.1
      '@discordjs/ws': 1.0.1
      '@sapphire/snowflake': 3.5.1
      '@types/ws': 8.5.8
      discord-api-types: 0.37.50
      fast-deep-equal: 3.1.3
      lodash.snakecase: 4.1.1
      tslib: 2.6.2
      undici: 5.22.1
      ws: 8.14.2
    transitivePeerDependencies:
      - bufferutil
      - utf-8-validate
    dev: false

  /dotenv-expand@10.0.0:
    resolution: {integrity: sha512-GopVGCpVS1UKH75VKHGuQFqS1Gusej0z4FyQkPdwjil2gNIv+LNsqBlboOzpJFZKVT95GkCyWJbBSdFEFUWI2A==}
    engines: {node: '>=12'}
    dev: false

  /dotenv@16.3.1:
    resolution: {integrity: sha512-IPzF4w4/Rd94bA9imS68tZBaYyBWSCE47V1RGuMrB94iyTOIEwRmVL2x/4An+6mETpLrKJ5hQkB8W4kFAadeIQ==}
    engines: {node: '>=12'}
    dev: false

  /duplexer@0.1.2:
    resolution: {integrity: sha512-jtD6YG370ZCIi/9GTaJKQxWTZD045+4R4hTk/x1UyoqadyJ9x9CgSi1RlVDQF8U2sxLLSnFkCaMihqljHIWgMg==}
    dev: true

  /ejs@3.1.9:
    resolution: {integrity: sha512-rC+QVNMJWv+MtPgkt0y+0rVEIdbtxVADApW9JXrUVlzHetgcyczP/E7DJmWJ4fJCZF2cPcBk0laWO9ZHMG3DmQ==}
    engines: {node: '>=0.10.0'}
    hasBin: true
    dependencies:
      jake: 10.8.7
    dev: true

  /emoji-regex@8.0.0:
    resolution: {integrity: sha512-MSjYzcWNOA0ewAHpz0MxpYFvwg6yjy1NG3xteoqz644VCo/RPgnr1/GGt+ic3iJTzQ8Eu3TdM14SawnVUmGE6A==}
    dev: true

  /escalade@3.1.1:
    resolution: {integrity: sha512-k0er2gUkLf8O0zKJiAhmkTnJlTvINGv7ygDNPbeIsX/TJjGJZHuh9B2UxbsaEkmlEo9MfhrSzmhIlhRlI2GXnw==}
    engines: {node: '>=6'}
    dev: true

  /event-stream@3.3.4:
    resolution: {integrity: sha512-QHpkERcGsR0T7Qm3HNJSyXKEEj8AHNxkY3PK8TS2KJvQ7NiSHe3DDpwVKKtoYprL/AreyzFBeIkBIWChAqn60g==}
    dependencies:
      duplexer: 0.1.2
      from: 0.1.7
      map-stream: 0.1.0
      pause-stream: 0.0.11
      split: 0.3.3
      stream-combiner: 0.0.4
      through: 2.3.8
    dev: true

  /event-target-shim@5.0.1:
    resolution: {integrity: sha512-i/2XbnSz/uxRCU6+NdVJgKWDTM427+MqYbkQzD321DuCQJUqOuJKIA0IM2+W2xtYHdKOmZ4dR6fExsd4SXL+WQ==}
    engines: {node: '>=6'}
    dev: false

  /execa@7.2.0:
    resolution: {integrity: sha512-UduyVP7TLB5IcAQl+OzLyLcS/l32W/GLg+AhHJ+ow40FOk2U3SAllPwR44v4vmdFwIWqpdwxxpQbF1n5ta9seA==}
    engines: {node: ^14.18.0 || ^16.14.0 || >=18.0.0}
    dependencies:
      cross-spawn: 7.0.3
      get-stream: 6.0.1
      human-signals: 4.3.1
      is-stream: 3.0.0
      merge-stream: 2.0.0
      npm-run-path: 5.1.0
      onetime: 6.0.0
      signal-exit: 3.0.7
      strip-final-newline: 3.0.0
    dev: true

  /fast-deep-equal@3.1.3:
    resolution: {integrity: sha512-f3qQ9oQy9j2AhBe/H9VC91wLmKBCCU/gDOnKNAYG5hswO7BLKj09Hc5HYNz9cGI++xlpDCIgDaitVs03ATR84Q==}
    dev: false

  /filelist@1.0.4:
    resolution: {integrity: sha512-w1cEuf3S+DrLCQL7ET6kz+gmlJdbq9J7yXCSjK/OZCPA+qEN1WyF4ZAf0YYJa4/shHJra2t/d/r8SV4Ji+x+8Q==}
    dependencies:
      minimatch: 5.1.6
    dev: true

  /find-up@5.0.0:
    resolution: {integrity: sha512-78/PXT1wlLLDgTzDs7sjq9hzz0vXD+zn+7wypEe4fXQxCmdmqfGsEPQxmiCSQI3ajFV91bVSsvNtrJRiW6nGng==}
    engines: {node: '>=10'}
    dependencies:
      locate-path: 6.0.0
      path-exists: 4.0.0
    dev: true

  /form-data-encoder@1.7.2:
    resolution: {integrity: sha512-qfqtYan3rxrnCk1VYaA4H+Ms9xdpPqvLZa6xmMgFvhO32x7/3J/ExcTd6qpxM0vH2GdMI+poehyBZvqfMTto8A==}
    dev: false

  /form-data@4.0.0:
    resolution: {integrity: sha512-ETEklSGi5t0QMZuiXoA/Q6vcnxcLQP5vdugSpuAyi6SVGi2clPPp+xgEhuMaHC+zGgn31Kd235W35f7Hykkaww==}
    engines: {node: '>= 6'}
    dependencies:
      asynckit: 0.4.0
      combined-stream: 1.0.8
      mime-types: 2.1.35
    dev: false

  /formdata-node@4.4.1:
    resolution: {integrity: sha512-0iirZp3uVDjVGt9p49aTaqjk84TrglENEDuqfdlZQ1roC9CWlPk6Avf8EEnZNcAqPonwkG35x4n3ww/1THYAeQ==}
    engines: {node: '>= 12.20'}
    dependencies:
      node-domexception: 1.0.0
      web-streams-polyfill: 4.0.0-beta.3
    dev: false

  /from@0.1.7:
    resolution: {integrity: sha512-twe20eF1OxVxp/ML/kq2p1uc6KvFK/+vs8WjEbeKmV2He22MKm7YF2ANIt+EOqhJ5L3K/SuuPhk0hWQDjOM23g==}
    dev: true

  /get-caller-file@2.0.5:
    resolution: {integrity: sha512-DyFP3BM/3YHTQOCUL/w0OZHR0lpKeGrxotcHWcqNEdnltqFwXVfhEBQ94eIo34AfQpo0rGki4cyIiftY06h2Fg==}
    engines: {node: 6.* || 8.* || >= 10.*}
    dev: true

  /get-stream@6.0.1:
    resolution: {integrity: sha512-ts6Wi+2j3jQjqi70w5AlN8DFnkSwC+MqmxEzdEALB2qXZYV3X/b1CTfgPLGJNMeAWxdPfU8FO1ms3NUfaHCPYg==}
    engines: {node: '>=10'}
    dev: true

  /has-flag@4.0.0:
    resolution: {integrity: sha512-EykJT/Q1KjTWctppgIAgfSO0tKVuZUjhgMr17kqTumMl6Afv3EISleU7qZUzoXDFTAHTDC4NOoG/ZxU3EvlMPQ==}
    engines: {node: '>=8'}
    dev: true

  /human-signals@4.3.1:
    resolution: {integrity: sha512-nZXjEF2nbo7lIw3mgYjItAfgQXog3OjJogSbKa2CQIIvSGWcKgeJnQlNXip6NglNzYH45nSRiEVimMvYL8DDqQ==}
    engines: {node: '>=14.18.0'}
    dev: true

  /humanize-ms@1.2.1:
    resolution: {integrity: sha512-Fl70vYtsAFb/C06PTS9dZBo7ihau+Tu/DNCk/OyHhea07S+aeMWpFFkUaXRa8fI+ScZbEI8dfSxwY7gxZ9SAVQ==}
    dependencies:
      ms: 2.1.3
    dev: false

  /is-buffer@1.1.6:
    resolution: {integrity: sha512-NcdALwpXkTm5Zvvbk7owOUSvVvBKDgKP5/ewfXEznmQFfs4ZRmanOeKBTjRVjka3QFoN6XJ+9F3USqfHqTaU5w==}
    dev: false

  /is-fullwidth-code-point@3.0.0:
    resolution: {integrity: sha512-zymm5+u+sCsSWyD9qNaejV3DFvhCKclKdizYaJUuHA83RLjb7nSuGnddCHGv0hk+KY7BMAlsWeK4Ueg6EV6XQg==}
    engines: {node: '>=8'}
    dev: true

  /is-stream@3.0.0:
    resolution: {integrity: sha512-LnQR4bZ9IADDRSkvpqMGvt/tEJWclzklNgSw48V5EAaAeDd6qGvN8ei6k5p0tvxSR171VmGyHuTiAOfxAbr8kA==}
    engines: {node: ^12.20.0 || ^14.13.1 || >=16.0.0}
    dev: true

  /isexe@2.0.0:
    resolution: {integrity: sha512-RHxMLp9lnKHGHRng9QFhRCMbYAcVpn69smSGcq3f36xjgVVWThj4qqLbTLlq7Ssj8B+fIQ1EuCEGI2lKsyQeIw==}
    dev: true

  /jake@10.8.7:
    resolution: {integrity: sha512-ZDi3aP+fG/LchyBzUM804VjddnwfSfsdeYkwt8NcbKRvo4rFkjhs456iLFn3k2ZUWvNe4i48WACDbza8fhq2+w==}
    engines: {node: '>=10'}
    hasBin: true
    dependencies:
      async: 3.2.4
      chalk: 4.1.2
      filelist: 1.0.4
      minimatch: 3.1.2
    dev: true

  /js-yaml@4.1.0:
    resolution: {integrity: sha512-wpxZs9NoxZaJESJGIZTyDEaYpl0FKSA+FB9aJiyemKhMwkxQg63h4T1KJgUGHpTqPDNRcmmYLugrRjJlBtWvRA==}
    hasBin: true
    dependencies:
      argparse: 2.0.1
    dev: true

  /kleur@3.0.3:
    resolution: {integrity: sha512-eTIzlVOSUR+JxdDFepEYcBMtZ9Qqdef+rnzWdRZuMbOywu5tO2w2N7rqjoANZ5k9vywhL6Br1VRjUIgTQx4E8w==}
    engines: {node: '>=6'}
    dev: true

  /locate-path@6.0.0:
    resolution: {integrity: sha512-iPZK6eYjbxRu3uB4/WZ3EsEIMJFMqAoopl3R+zuq0UjcAm/MO6KCweDgPfP3elTztoKP3KtnVHxTn2NHBSDVUw==}
    engines: {node: '>=10'}
    dependencies:
      p-locate: 5.0.0
    dev: true

  /lodash.snakecase@4.1.1:
    resolution: {integrity: sha512-QZ1d4xoBHYUeuouhEq3lk3Uq7ldgyFXGBhg04+oRLnIz8o9T65Eh+8YdroUwn846zchkA9yDsDl5CVVaV2nqYw==}
    dev: false

  /lodash@4.17.21:
    resolution: {integrity: sha512-v2kDEe57lecTulaDIuNTPy3Ry4gLGJ6Z1O3vE1krgXZNrsQ+LFTGHVxVjcXPs17LhbZVGedAJv8XZ1tvj5FvSg==}
    dev: false

  /magic-bytes.js@1.5.0:
    resolution: {integrity: sha512-wJkXvutRbNWcc37tt5j1HyOK1nosspdh3dj6LUYYAvF6JYNqs53IfRvK9oEpcwiDA1NdoIi64yAMfdivPeVAyw==}
    dev: false

  /map-stream@0.1.0:
    resolution: {integrity: sha512-CkYQrPYZfWnu/DAmVCpTSX/xHpKZ80eKh2lAkyA6AJTef6bW+6JpbQZN5rofum7da+SyN1bi5ctTm+lTfcCW3g==}
    dev: true

  /md5@2.3.0:
    resolution: {integrity: sha512-T1GITYmFaKuO91vxyoQMFETst+O71VUPEU3ze5GNzDm0OWdP8v1ziTaAEPUr/3kLsY3Sftgz242A1SetQiDL7g==}
    dependencies:
      charenc: 0.0.2
      crypt: 0.0.2
      is-buffer: 1.1.6
    dev: false

  /merge-stream@2.0.0:
    resolution: {integrity: sha512-abv/qOcuPfk3URPfDzmZU1LKmuw8kT+0nIHvKrKgFrwifol/doWcdA4ZqsWQ8ENrFKkd67Mfpo/LovbIUsbt3w==}
    dev: true

  /mime-db@1.52.0:
    resolution: {integrity: sha512-sPU4uV7dYlvtWJxwwxHD0PuihVNiE7TyAbQ5SWxDCB9mUYvOgroQOwYQQOKPJ8CIbE+1ETVlOoK1UC2nU3gYvg==}
    engines: {node: '>= 0.6'}
    dev: false

  /mime-types@2.1.35:
    resolution: {integrity: sha512-ZDY+bPm5zTTF+YpCrAU9nK0UgICYPT0QtT1NZWFv4s++TNkcgVaT0g6+4R2uI4MjQjzysHB1zxuWL50hzaeXiw==}
    engines: {node: '>= 0.6'}
    dependencies:
      mime-db: 1.52.0
    dev: false

  /mimic-fn@4.0.0:
    resolution: {integrity: sha512-vqiC06CuhBTUdZH+RYl8sFrL096vA45Ok5ISO6sE/Mr1jRbGH4Csnhi8f3wKVl7x8mO4Au7Ir9D3Oyv1VYMFJw==}
    engines: {node: '>=12'}
    dev: true

  /minimatch@3.1.2:
    resolution: {integrity: sha512-J7p63hRiAjw1NDEww1W7i37+ByIrOWO5XQQAzZ3VOcL0PNybwpfmV/N05zFAzwQ9USyEcX6t3UO+K5aqBQOIHw==}
    dependencies:
      brace-expansion: 1.1.11
    dev: true

  /minimatch@5.1.6:
    resolution: {integrity: sha512-lKwV/1brpG6mBUFHtb7NUmtABCb2WZZmm2wNiOA5hAb8VdCS4B3dtMWyvcoViccwAW/COERjXLt0zP1zXUN26g==}
    engines: {node: '>=10'}
    dependencies:
      brace-expansion: 2.0.1
    dev: true

  /ms@2.1.3:
    resolution: {integrity: sha512-6FlzubTLZG3J2a/NVCAleEhjzq5oxgHyaCU9yYXvcLsvoVaHJq/s5xXI6/XXP6tz7R9xAOtHnSO/tXtF3WRTlA==}
    dev: false

  /node-cleanup@2.1.2:
    resolution: {integrity: sha512-qN8v/s2PAJwGUtr1/hYTpNKlD6Y9rc4p8KSmJXyGdYGZsDGKXrGThikLFP9OCHFeLeEpQzPwiAtdIvBLqm//Hw==}
    dev: true

  /node-domexception@1.0.0:
    resolution: {integrity: sha512-/jKZoMpw0F8GRwl4/eLROPA3cfcXtLApP0QzLmUT/HuPCZWyB7IY9ZrMeKw2O/nFIqPQB3PVM9aYm0F312AXDQ==}
    engines: {node: '>=10.5.0'}
    dev: false

  /node-fetch@2.7.0:
    resolution: {integrity: sha512-c4FRfUm/dbcWZ7U+1Wq0AwCyFL+3nt2bEw05wfxSz+DWpWsitgmSgYmy2dQdWyKC1694ELPqMs/YzUSNozLt8A==}
    engines: {node: 4.x || >=6.0.0}
    peerDependencies:
      encoding: ^0.1.0
    peerDependenciesMeta:
      encoding:
        optional: true
    dependencies:
      whatwg-url: 5.0.0
    dev: false

  /npm-run-path@5.1.0:
    resolution: {integrity: sha512-sJOdmRGrY2sjNTRMbSvluQqg+8X7ZK61yvzBEIDhz4f8z1TZFYABsqjjCBd/0PUNE9M6QDgHJXQkGUEm7Q+l9Q==}
    engines: {node: ^12.20.0 || ^14.13.1 || >=16.0.0}
    dependencies:
      path-key: 4.0.0
    dev: true

  /onetime@6.0.0:
    resolution: {integrity: sha512-1FlR+gjXK7X+AsAHso35MnyN5KqGwJRi/31ft6x0M194ht7S+rWAvd7PHss9xSKMzE0asv1pyIHaJYq+BbacAQ==}
    engines: {node: '>=12'}
    dependencies:
      mimic-fn: 4.0.0
    dev: true

  /openai@4.12.4:
    resolution: {integrity: sha512-oPNVJkpgxDUKF6WGGdHEZh5m/kjmYxS2Y1q7YVFCkvKUGthb8OGYRGCFBRPq5CQJezifzABTZRlVYnXLd6L4vQ==}
    hasBin: true
    dependencies:
      '@types/node': 18.18.6
      '@types/node-fetch': 2.6.7
      abort-controller: 3.0.0
      agentkeepalive: 4.5.0
      digest-fetch: 1.3.0
      form-data-encoder: 1.7.2
      formdata-node: 4.4.1
      node-fetch: 2.7.0
      web-streams-polyfill: 3.2.1
    transitivePeerDependencies:
      - encoding
    dev: false

  /p-limit@3.1.0:
    resolution: {integrity: sha512-TYOanM3wGwNGsZN2cVTYPArw454xnXj5qmWF1bEoAc4+cU/ol7GVh7odevjp1FNHduHc3KZMcFduxU5Xc6uJRQ==}
    engines: {node: '>=10'}
    dependencies:
      yocto-queue: 0.1.0
    dev: true

  /p-locate@5.0.0:
    resolution: {integrity: sha512-LaNjtRWUBY++zB5nE/NwcaoMylSPk+S+ZHNB1TzdbMJMny6dynpAGt7X/tl/QYq3TIeE6nxHppbo2LGymrG5Pw==}
    engines: {node: '>=10'}
    dependencies:
      p-limit: 3.1.0
    dev: true

  /path-exists@4.0.0:
    resolution: {integrity: sha512-ak9Qy5Q7jYb2Wwcey5Fpvg2KoAc/ZIhLSLOSBmRmygPsGwkVVt0fZa0qrtMz+m6tJTAHfZQ8FnmB4MG4LWy7/w==}
    engines: {node: '>=8'}
    dev: true

  /path-key@3.1.1:
    resolution: {integrity: sha512-ojmeN0qd+y0jszEtoY48r0Peq5dwMEkIlCOu6Q5f41lfkswXuKtYrhgoTpLnyIcHm24Uhqx+5Tqm2InSwLhE6Q==}
    engines: {node: '>=8'}
    dev: true

  /path-key@4.0.0:
    resolution: {integrity: sha512-haREypq7xkM7ErfgIyA0z+Bj4AGKlMSdlQE2jvJo6huWD1EdkKYV+G/T4nq0YEF2vgTT8kqMFKo1uHn950r4SQ==}
    engines: {node: '>=12'}
    dev: true

  /pause-stream@0.0.11:
    resolution: {integrity: sha512-e3FBlXLmN/D1S+zHzanP4E/4Z60oFAa3O051qt1pxa7DEJWKAyil6upYVXCWadEnuoqa4Pkc9oUx9zsxYeRv8A==}
    dependencies:
      through: 2.3.8
    dev: true

  /prettier@3.0.3:
    resolution: {integrity: sha512-L/4pUDMxcNa8R/EthV08Zt42WBO4h1rarVtK0K+QJG0X187OLo7l699jWw0GKuwzkPQ//jMFA/8Xm6Fh3J/DAg==}
    engines: {node: '>=14'}
    hasBin: true
    dev: true

  /prompts@2.4.2:
    resolution: {integrity: sha512-NxNv/kLguCA7p3jE8oL2aEBsrJWgAakBpgmgK6lpPWV+WuOmY6r2/zbAVnP+T8bQlA0nzHXSJSJW0Hq7ylaD2Q==}
    engines: {node: '>= 6'}
    dependencies:
      kleur: 3.0.3
      sisteransi: 1.0.5
    dev: true

  /ps-tree@1.2.0:
    resolution: {integrity: sha512-0VnamPPYHl4uaU/nSFeZZpR21QAWRz+sRv4iW9+v/GS/J5U5iZB5BNN6J0RMoOvdx2gWM2+ZFMIm58q24e4UYA==}
    engines: {node: '>= 0.10'}
    hasBin: true
    dependencies:
      event-stream: 3.3.4
    dev: true

  /require-directory@2.1.1:
    resolution: {integrity: sha512-fGxEI7+wsG9xrvdjsrlmL22OMTTiHRwAMroiEeMgq8gzoLC/PQr7RsRDSTLUg/bZAZtF+TVIkHc6/4RIKrui+Q==}
    engines: {node: '>=0.10.0'}
    dev: true

  /shebang-command@2.0.0:
    resolution: {integrity: sha512-kHxr2zZpYtdmrN1qDjrrX/Z1rR1kG8Dx+gkpK1G4eXmvXswmcE1hTWBWYUzlraYw1/yZp6YuDY77YtvbN0dmDA==}
    engines: {node: '>=8'}
    dependencies:
      shebang-regex: 3.0.0
    dev: true

  /shebang-regex@3.0.0:
    resolution: {integrity: sha512-7++dFhtcx3353uBaq8DDR4NuxBetBzC7ZQOhmTQInHEd6bSrXdiEyzCvG07Z44UYdLShWUyXt5M/yhz8ekcb1A==}
    engines: {node: '>=8'}
    dev: true

  /shell-quote@1.8.1:
    resolution: {integrity: sha512-6j1W9l1iAs/4xYBI1SYOVZyFcCis9b4KCLQ8fgAGG07QvzaRLVVRQvAy85yNmmZSjYjg4MWh4gNvlPujU/5LpA==}
    dev: true

  /signal-exit@3.0.7:
    resolution: {integrity: sha512-wnD2ZE+l+SPC/uoS0vXeE9L1+0wuaMqKlfz9AMUo38JsyLSBWSFcHR1Rri62LZc12vLr1gb3jl7iwQhgwpAbGQ==}
    dev: true

  /sisteransi@1.0.5:
    resolution: {integrity: sha512-bLGGlR1QxBcynn2d5YmDX4MGjlZvy2MRBDRNHLJ8VI6l6+9FUiyTFNJ0IveOSP0bcXgVDPRcfGqA0pjaqUpfVg==}
    dev: true

  /split@0.3.3:
    resolution: {integrity: sha512-wD2AeVmxXRBoX44wAycgjVpMhvbwdI2aZjCkvfNcH1YqHQvJVa1duWc73OyVGJUc05fhFaTZeQ/PYsrmyH0JVA==}
    dependencies:
      through: 2.3.8
    dev: true

  /stream-combiner@0.0.4:
    resolution: {integrity: sha512-rT00SPnTVyRsaSz5zgSPma/aHSOic5U1prhYdRy5HS2kTZviFpmDgzilbtsJsxiroqACmayynDN/9VzIbX5DOw==}
    dependencies:
      duplexer: 0.1.2
    dev: true

  /streamsearch@1.1.0:
    resolution: {integrity: sha512-Mcc5wHehp9aXz1ax6bZUyY5afg9u2rv5cqQI3mRrYkGC8rW2hM02jWuwjtL++LS5qinSyhj2QfLyNsuc+VsExg==}
    engines: {node: '>=10.0.0'}
    dev: false

  /string-argv@0.3.2:
    resolution: {integrity: sha512-aqD2Q0144Z+/RqG52NeHEkZauTAUWJO8c6yTftGJKO3Tja5tUgIfmIl6kExvhtxSDP7fXB6DvzkfMpCd/F3G+Q==}
    engines: {node: '>=0.6.19'}
    dev: true

  /string-width@4.2.3:
    resolution: {integrity: sha512-wKyQRQpjJ0sIp62ErSZdGsjMJWsap5oRNihHhu6G7JVO/9jIB6UyevL+tXuOqrng8j/cxKTWyWUwvSTriiZz/g==}
    engines: {node: '>=8'}
    dependencies:
      emoji-regex: 8.0.0
      is-fullwidth-code-point: 3.0.0
      strip-ansi: 6.0.1
    dev: true

  /strip-ansi@6.0.1:
    resolution: {integrity: sha512-Y38VPSHcqkFrCpFnQ9vuSXmquuv5oXOKpGeT6aGrr3o3Gc9AlVa6JBfUSOCnbxGGZF+/0ooI7KrPuUSztUdU5A==}
    engines: {node: '>=8'}
    dependencies:
      ansi-regex: 5.0.1
    dev: true

  /strip-final-newline@3.0.0:
    resolution: {integrity: sha512-dOESqjYr96iWYylGObzd39EuNTa5VJxyvVAEm5Jnh7KGo75V43Hk1odPQkNDyXNmUR6k+gEiDVXnjB8HJ3crXw==}
    engines: {node: '>=12'}
    dev: true

  /supports-color@7.2.0:
    resolution: {integrity: sha512-qpCAvRl9stuOHveKsn7HncJRvv501qIacKzQlO/+Lwxc9+0q2wLyv4Dfvt80/DPn2pqOBsJdDiogXGR9+OvwRw==}
    engines: {node: '>=8'}
    dependencies:
      has-flag: 4.0.0
    dev: true

  /through@2.3.8:
    resolution: {integrity: sha512-w89qg7PI8wAdvX60bMDP+bFoD5Dvhm9oLheFp5O4a2QF0cSBGsBX4qZmadPMvVqlLJBBci+WqGGOAPvcDeNSVg==}
    dev: true

  /tr46@0.0.3:
    resolution: {integrity: sha512-N3WMsuqV66lT30CrXNbEjx4GEwlow3v6rr4mCcv6prnfwhS01rkgyFdjPNBYd9br7LpXV1+Emh01fHnq2Gdgrw==}
    dev: false

  /ts-mixer@6.0.3:
    resolution: {integrity: sha512-k43M7uCG1AkTyxgnmI5MPwKoUvS/bRvLvUb7+Pgpdlmok8AoqmUaZxUUw8zKM5B1lqZrt41GjYgnvAi0fppqgQ==}
    dev: false

  /tsc-watch@6.0.4(typescript@5.2.2):
    resolution: {integrity: sha512-cHvbvhjO86w2aGlaHgSCeQRl+Aqw6X6XN4sQMPZKF88GoP30O+oTuh5lRIJr5pgFWrRpF1AgXnJJ2DoFEIPHyg==}
    engines: {node: '>=12.12.0'}
    hasBin: true
    peerDependencies:
      typescript: '*'
    dependencies:
      cross-spawn: 7.0.3
      node-cleanup: 2.1.2
      ps-tree: 1.2.0
      string-argv: 0.3.2
      typescript: 5.2.2
    dev: true

  /tslib@2.6.2:
    resolution: {integrity: sha512-AEYxH93jGFPn/a2iVAwW87VuUIkR1FVUKB77NwMF7nBTDkDrrT/Hpt/IrCJ0QXhW27jTBDcf5ZY7w6RiqTMw2Q==}

  /typescript@5.2.2:
    resolution: {integrity: sha512-mI4WrpHsbCIcwT9cF4FZvr80QUeKvsUsUvKDoR+X/7XHQH98xYD8YHZg7ANtz2GtZt/CBq2QJ0thkGJMHfqc1w==}
    engines: {node: '>=14.17'}
    hasBin: true
    dev: true

  /undici-types@5.25.3:
    resolution: {integrity: sha512-Ga1jfYwRn7+cP9v8auvEXN1rX3sWqlayd4HP7OKk4mZWylEmu3KzXDUGrQUN6Ol7qo1gPvB2e5gX6udnyEPgdA==}

  /undici@5.22.1:
    resolution: {integrity: sha512-Ji2IJhFXZY0x/0tVBXeQwgPlLWw13GVzpsWPQ3rV50IFMMof2I55PZZxtm4P6iNq+L5znYN9nSTAq0ZyE6lSJw==}
    engines: {node: '>=14.0'}
    dependencies:
      busboy: 1.6.0
    dev: false

  /web-streams-polyfill@3.2.1:
    resolution: {integrity: sha512-e0MO3wdXWKrLbL0DgGnUV7WHVuw9OUvL4hjgnPkIeEvESk74gAITi5G606JtZPp39cd8HA9VQzCIvA49LpPN5Q==}
    engines: {node: '>= 8'}
    dev: false

  /web-streams-polyfill@4.0.0-beta.3:
    resolution: {integrity: sha512-QW95TCTaHmsYfHDybGMwO5IJIM93I/6vTRk+daHTWFPhwh+C8Cg7j7XyKrwrj8Ib6vYXe0ocYNrmzY4xAAN6ug==}
    engines: {node: '>= 14'}
    dev: false

  /webidl-conversions@3.0.1:
    resolution: {integrity: sha512-2JAn3z8AR6rjK8Sm8orRC0h/bcl/DqL7tRPdGZ4I1CjdF+EaMLmYxBHyXuKL849eucPFhvBoxMsflfOb8kxaeQ==}
    dev: false

  /whatwg-url@5.0.0:
    resolution: {integrity: sha512-saE57nupxk6v3HY35+jzBwYa0rKSy0XR8JSxZPwgLr7ys0IBzhGviA1/TUGJLmSVqs8pb9AnvICXEuOHLprYTw==}
    dependencies:
      tr46: 0.0.3
      webidl-conversions: 3.0.1
    dev: false

  /which@2.0.2:
    resolution: {integrity: sha512-BLI3Tl1TW3Pvl70l3yq3Y64i+awpwXqsGBYWkkqMtnbXgrMD+yj7rhW0kuEDxzJaYXGjEW5ogapKNMEKNMjibA==}
    engines: {node: '>= 8'}
    hasBin: true
    dependencies:
      isexe: 2.0.0
    dev: true

  /wrap-ansi@7.0.0:
    resolution: {integrity: sha512-YVGIj2kamLSTxw6NsZjoBxfSwsn0ycdesmc4p+Q21c5zPuZ1pl+NfxVdxPtdHvmNVOQ6XSYG4AUtyt/Fi7D16Q==}
    engines: {node: '>=10'}
    dependencies:
      ansi-styles: 4.3.0
      string-width: 4.2.3
      strip-ansi: 6.0.1
    dev: true

  /ws@8.14.2:
    resolution: {integrity: sha512-wEBG1ftX4jcglPxgFCMJmZ2PLtSbJ2Peg6TmpJFTbe9GZYOQCDPdMYu/Tm0/bGZkw8paZnJY45J4K2PZrLYq8g==}
    engines: {node: '>=10.0.0'}
    peerDependencies:
      bufferutil: ^4.0.1
      utf-8-validate: '>=5.0.2'
    peerDependenciesMeta:
      bufferutil:
        optional: true
      utf-8-validate:
        optional: true
    dev: false

  /y18n@5.0.8:
    resolution: {integrity: sha512-0pfFzegeDWJHJIAmTLRP2DwHjdF5s7jo9tuztdQxAhINCdvS+3nGINqPd00AphqJR/0LhANUS6/+7SCb98YOfA==}
    engines: {node: '>=10'}
    dev: true

  /yargs-parser@21.1.1:
    resolution: {integrity: sha512-tVpsJW7DdjecAiFpbIB1e3qxIQsE6NoPc5/eTdrbbIC4h0LVsWhnoa3g+m2HclBIujHzsxZ4VJVA+GUuc2/LBw==}
    engines: {node: '>=12'}
    dev: true

  /yargs@17.7.2:
    resolution: {integrity: sha512-7dSzzRQ++CKnNI/krKnYRV7JKKPUXMEh61soaHKg9mrWEhzFWhFnxPxGl+69cD1Ou63C13NUPCnmIcrvqCuM6w==}
    engines: {node: '>=12'}
    dependencies:
      cliui: 8.0.1
      escalade: 3.1.1
      get-caller-file: 2.0.5
      require-directory: 2.1.1
      string-width: 4.2.3
      y18n: 5.0.8
      yargs-parser: 21.1.1
    dev: true

  /yocto-queue@0.1.0:
    resolution: {integrity: sha512-rVksvsnNCdJ/ohGc6xgPwyN8eheCxsiLM8mxuE/t/mOVqJewPuO1miLpTHQiRgTKCLexL4MeAFVagts7HmNZ2Q==}
    engines: {node: '>=10'}
    dev: true
